<Solution>
  <Project Path="Assembly-CSharp.csproj" />
  <Project Path="AvatarMakerAssembly.csproj" />
  <Project Path="PathCreator.csproj" />
  <Project Path="Assembly-CSharp-firstpass.csproj" />
  <Project Path="Assembly-CSharp-Editor.csproj" />
  <Project Path="Assembly-CSharp-Editor-firstpass.csproj" />
  <Project Path="PathCreatorEditor.csproj" />
</Solution>
